
Microsoft Visual Studio Solution File, Format Version 12.00
# Visual Studio Version 16
VisualStudioVersion = 16.0.29709.97
MinimumVisualStudioVersion = 10.0.40219.1
Project("{FAE04EC0-301F-11D3-BF4B-00C04F79EFBC}") = "TestApp", "TestApp\TestApp.csproj", "{D1FD0DA0-C05D-4B6C-843A-1C477BC089C9}"
EndProject
Project("{9A19103F-16F7-4668-BE54-9A1E7A4F7556}") = "Data", "Data\Data.csproj", "{E44A6D9B-5F7A-4838-9460-EB04B16173C9}"
EndProject
Project("{9A19103F-16F7-4668-BE54-9A1E7A4F7556}") = "Domain", "Domain\Domain.csproj", "{36EF06FE-18EA-4796-B1B6-3D4A492014DC}"
EndProject
Global
	GlobalSection(SolutionConfigurationPlatforms) = preSolution
		Debug|Any CPU = Debug|Any CPU
		Release|Any CPU = Release|Any CPU
	EndGlobalSection
	GlobalSection(ProjectConfigurationPlatforms) = postSolution
		{D1FD0DA0-C05D-4B6C-843A-1C477BC089C9}.Debug|Any CPU.ActiveCfg = Debug|Any CPU
		{D1FD0DA0-C05D-4B6C-843A-1C477BC089C9}.Debug|Any CPU.Build.0 = Debug|Any CPU
		{D1FD0DA0-C05D-4B6C-843A-1C477BC089C9}.Release|Any CPU.ActiveCfg = Release|Any CPU
		{D1FD0DA0-C05D-4B6C-843A-1C477BC089C9}.Release|Any CPU.Build.0 = Release|Any CPU
		{E44A6D9B-5F7A-4838-9460-EB04B16173C9}.Debug|Any CPU.ActiveCfg = Debug|Any CPU
		{E44A6D9B-5F7A-4838-9460-EB04B16173C9}.Debug|Any CPU.Build.0 = Debug|Any CPU
		{E44A6D9B-5F7A-4838-9460-EB04B16173C9}.Release|Any CPU.ActiveCfg = Release|Any CPU
		{E44A6D9B-5F7A-4838-9460-EB04B16173C9}.Release|Any CPU.Build.0 = Release|Any CPU
		{36EF06FE-18EA-4796-B1B6-3D4A492014DC}.Debug|Any CPU.ActiveCfg = Debug|Any CPU
		{36EF06FE-18EA-4796-B1B6-3D4A492014DC}.Debug|Any CPU.Build.0 = Debug|Any CPU
		{36EF06FE-18EA-4796-B1B6-3D4A492014DC}.Release|Any CPU.ActiveCfg = Release|Any CPU
		{36EF06FE-18EA-4796-B1B6-3D4A492014DC}.Release|Any CPU.Build.0 = Release|Any CPU
	EndGlobalSection
	GlobalSection(SolutionProperties) = preSolution
		HideSolutionNode = FALSE
	EndGlobalSection
	GlobalSection(ExtensibilityGlobals) = postSolution
		SolutionGuid = {0BDC41D6-64A6-4C51-81A3-3490CEE1986D}
	EndGlobalSection
EndGlobal
